
Microsoft Visual Studio Solution File, Format Version 12.00
# Visual Studio 15
VisualStudioVersion = 15.0.27004.2005
MinimumVisualStudioVersion = 10.0.40219.1
Project("{FAE04EC0-301F-11D3-BF4B-00C04F79EFBC}") = "YoutubeLiveCommentViewer", "YoutubeLiveCommentViewer.csproj", "{A3CAE85C-D5FD-4967-B8E9-CE4030D31F43}"
	ProjectSection(ProjectDependencies) = postProject
		{D627221D-CAFB-465E-BF64-7A505CC84F45} = {D627221D-CAFB-465E-BF64-7A505CC84F45}
	EndProjectSection
EndProject
Project("{FAE04EC0-301F-11D3-BF4B-00C04F79EFBC}") = "DebugProject", "..\DebugProject\DebugProject.csproj", "{D627221D-CAFB-465E-BF64-7A505CC84F45}"
EndProject
Global
	GlobalSection(SolutionConfigurationPlatforms) = preSolution
		Debug|Any CPU = Debug|Any CPU
		Debug|x64 = Debug|x64
		Release|Any CPU = Release|Any CPU
		Release|x64 = Release|x64
	EndGlobalSection
	GlobalSection(ProjectConfigurationPlatforms) = postSolution
		{A3CAE85C-D5FD-4967-B8E9-CE4030D31F43}.Debug|Any CPU.ActiveCfg = Debug|Any CPU
		{A3CAE85C-D5FD-4967-B8E9-CE4030D31F43}.Debug|Any CPU.Build.0 = Debug|Any CPU
		{A3CAE85C-D5FD-4967-B8E9-CE4030D31F43}.Debug|x64.ActiveCfg = Debug|x64
		{A3CAE85C-D5FD-4967-B8E9-CE4030D31F43}.Debug|x64.Build.0 = Debug|x64
		{A3CAE85C-D5FD-4967-B8E9-CE4030D31F43}.Release|Any CPU.ActiveCfg = Release|Any CPU
		{A3CAE85C-D5FD-4967-B8E9-CE4030D31F43}.Release|Any CPU.Build.0 = Release|Any CPU
		{A3CAE85C-D5FD-4967-B8E9-CE4030D31F43}.Release|x64.ActiveCfg = Release|x64
		{A3CAE85C-D5FD-4967-B8E9-CE4030D31F43}.Release|x64.Build.0 = Release|x64
		{D627221D-CAFB-465E-BF64-7A505CC84F45}.Debug|Any CPU.ActiveCfg = Debug|Any CPU
		{D627221D-CAFB-465E-BF64-7A505CC84F45}.Debug|Any CPU.Build.0 = Debug|Any CPU
		{D627221D-CAFB-465E-BF64-7A505CC84F45}.Debug|x64.ActiveCfg = Debug|Any CPU
		{D627221D-CAFB-465E-BF64-7A505CC84F45}.Debug|x64.Build.0 = Debug|Any CPU
		{D627221D-CAFB-465E-BF64-7A505CC84F45}.Release|Any CPU.ActiveCfg = Release|Any CPU
		{D627221D-CAFB-465E-BF64-7A505CC84F45}.Release|Any CPU.Build.0 = Release|Any CPU
		{D627221D-CAFB-465E-BF64-7A505CC84F45}.Release|x64.ActiveCfg = Release|Any CPU
		{D627221D-CAFB-465E-BF64-7A505CC84F45}.Release|x64.Build.0 = Release|Any CPU
	EndGlobalSection
	GlobalSection(SolutionProperties) = preSolution
		HideSolutionNode = FALSE
	EndGlobalSection
	GlobalSection(ExtensibilityGlobals) = postSolution
		SolutionGuid = {DE0B10A2-132C-46EB-B91D-68EB8D675DE8}
	EndGlobalSection
EndGlobal
